
Microsoft Visual Studio Solution File, Format Version 12.00
# Visual Studio Version 16
VisualStudioVersion = 16.0.31729.503
MinimumVisualStudioVersion = 10.0.40219.1
Project("{FAE04EC0-301F-11D3-BF4B-00C04F79EFBC}") = "SessionPjct", "SessionPjct\SessionPjct.csproj", "{46E0C86B-444F-4E92-8459-EF61B8DF4720}"
EndProject
Global
	GlobalSection(SolutionConfigurationPlatforms) = preSolution
		Debug|Any CPU = Debug|Any CPU
		Release|Any CPU = Release|Any CPU
	EndGlobalSection
	GlobalSection(ProjectConfigurationPlatforms) = postSolution
		{46E0C86B-444F-4E92-8459-EF61B8DF4720}.Debug|Any CPU.ActiveCfg = Debug|Any CPU
		{46E0C86B-444F-4E92-8459-EF61B8DF4720}.Debug|Any CPU.Build.0 = Debug|Any CPU
		{46E0C86B-444F-4E92-8459-EF61B8DF4720}.Release|Any CPU.ActiveCfg = Release|Any CPU
		{46E0C86B-444F-4E92-8459-EF61B8DF4720}.Release|Any CPU.Build.0 = Release|Any CPU
	EndGlobalSection
	GlobalSection(SolutionProperties) = preSolution
		HideSolutionNode = FALSE
	EndGlobalSection
	GlobalSection(ExtensibilityGlobals) = postSolution
		SolutionGuid = {A318A691-F24A-4159-BEC1-B522FF49B9DE}
	EndGlobalSection
EndGlobal
